// !$*UTF8*$!
{
	archiveVersion = 1;
	classes = {
	};
	objectVersion = 46;
	objects = {

/* Begin PBXBuildFile section */
		134CC28096D2827DE8A7DEF3 /* Foundation.framework in Frameworks */ = {isa = PBXBuildFile; fileRef = 511438E6CAE15CF558DF75A0 /* Foundation.framework */; };
		25CF3AA551CC04056CFD42C7 /* Foundation.framework in Frameworks */ = {isa = PBXBuildFile; fileRef = 511438E6CAE15CF558DF75A0 /* Foundation.framework */; };
		28F620038BB4803BC4B9010E /* UIKit.framework in Frameworks */ = {isa = PBXBuildFile; fileRef = 0EF22EAC7936A9C9E59A647B /* UIKit.framework */; };
		90C0A2214E8AD9C54FAA1DC7 /* Main.swift in Sources */ = {isa = PBXBuildFile; fileRef = 559675DE6081BBB048EC7530 /* Main.swift */; };
		946AFF7F1D71122100D98F1A /* ValueWrapper.swift in Sources */ = {isa = PBXBuildFile; fileRef = 946AFF7E1D71122100D98F1A /* ValueWrapper.swift */; };
		946AFF811D711B8100D98F1A /* Errors.swift in Sources */ = {isa = PBXBuildFile; fileRef = 946AFF801D711B8100D98F1A /* Errors.swift */; };
		AFC44F63B957764F6F9388E5 /* Pods_MKHValidationTst.framework in Frameworks */ = {isa = PBXBuildFile; fileRef = 0F0DAF7066E865BCFAB2432A /* Pods_MKHValidationTst.framework */; };
		B24FC5BF2E13A154516E6C96 /* Pods_MKHValidation.framework in Frameworks */ = {isa = PBXBuildFile; fileRef = 0B54F25AB8F76922BB52133F /* Pods_MKHValidation.framework */; };
		C08A324676D59DF529C493E8 /* UIKit.framework in Frameworks */ = {isa = PBXBuildFile; fileRef = 0EF22EAC7936A9C9E59A647B /* UIKit.framework */; };
		CDC4510C5063C41E8263A28B /* ValidationRule.swift in Sources */ = {isa = PBXBuildFile; fileRef = ED1A5A3E585E15418EFC17D6 /* ValidationRule.swift */; };
		D9AB614D320FCE3DACFD2EBF /* ValidationRule+Async.swift in Sources */ = {isa = PBXBuildFile; fileRef = 9094317DE51A10895950871F /* ValidationRule+Async.swift */; };
/* End PBXBuildFile section */

/* Begin PBXFileReference section */
		0B54F25AB8F76922BB52133F /* Pods_MKHValidation.framework */ = {isa = PBXFileReference; explicitFileType = wrapper.framework; includeInIndex = 0; path = Pods_MKHValidation.framework; sourceTree = BUILT_PRODUCTS_DIR; };
		0EF22EAC7936A9C9E59A647B /* UIKit.framework */ = {isa = PBXFileReference; lastKnownFileType = wrapper.framework; name = UIKit.framework; path = Platforms/iPhoneOS.platform/Developer/SDKs/iPhoneOS9.3.sdk/System/Library/Frameworks/UIKit.framework; sourceTree = DEVELOPER_DIR; };
		0F0DAF7066E865BCFAB2432A /* Pods_MKHValidationTst.framework */ = {isa = PBXFileReference; explicitFileType = wrapper.framework; includeInIndex = 0; path = Pods_MKHValidationTst.framework; sourceTree = BUILT_PRODUCTS_DIR; };
		1494D686D29728AE866B3048 /* Pods-MKHValidation.release.xcconfig */ = {isa = PBXFileReference; includeInIndex = 1; lastKnownFileType = text.xcconfig; name = "Pods-MKHValidation.release.xcconfig"; path = "Pods/Target Support Files/Pods-MKHValidation/Pods-MKHValidation.release.xcconfig"; sourceTree = "<group>"; };
		49778CDD4073FE85E050ECB8 /* Pods-MKHValidationTst.debug.xcconfig */ = {isa = PBXFileReference; includeInIndex = 1; lastKnownFileType = text.xcconfig; name = "Pods-MKHValidationTst.debug.xcconfig"; path = "Pods/Target Support Files/Pods-MKHValidationTst/Pods-MKHValidationTst.debug.xcconfig"; sourceTree = "<group>"; };
		511438E6CAE15CF558DF75A0 /* Foundation.framework */ = {isa = PBXFileReference; lastKnownFileType = wrapper.framework; name = Foundation.framework; path = Platforms/iPhoneOS.platform/Developer/SDKs/iPhoneOS9.3.sdk/System/Library/Frameworks/Foundation.framework; sourceTree = DEVELOPER_DIR; };
		559675DE6081BBB048EC7530 /* Main.swift */ = {isa = PBXFileReference; includeInIndex = 1; lastKnownFileType = sourcecode.swift; path = Main.swift; sourceTree = "<group>"; };
		56730260439EFD974C379E57 /* MKHValidation.h */ = {isa = PBXFileReference; includeInIndex = 1; lastKnownFileType = sourcecode.c.h; path = MKHValidation.h; sourceTree = "<group>"; };
		9094317DE51A10895950871F /* ValidationRule+Async.swift */ = {isa = PBXFileReference; includeInIndex = 1; lastKnownFileType = sourcecode.swift; path = "ValidationRule+Async.swift"; sourceTree = "<group>"; };
		946AFF7E1D71122100D98F1A /* ValueWrapper.swift */ = {isa = PBXFileReference; fileEncoding = 4; lastKnownFileType = sourcecode.swift; path = ValueWrapper.swift; sourceTree = "<group>"; };
		946AFF801D711B8100D98F1A /* Errors.swift */ = {isa = PBXFileReference; fileEncoding = 4; lastKnownFileType = sourcecode.swift; path = Errors.swift; sourceTree = "<group>"; };
		996BACEFD3710E2EA6EBE0E4 /* Pods-MKHValidationTst.release.xcconfig */ = {isa = PBXFileReference; includeInIndex = 1; lastKnownFileType = text.xcconfig; name = "Pods-MKHValidationTst.release.xcconfig"; path = "Pods/Target Support Files/Pods-MKHValidationTst/Pods-MKHValidationTst.release.xcconfig"; sourceTree = "<group>"; };
		B5BA127CA44203B7C9223B94 /* MKHValidation. */ = {isa = PBXFileReference; includeInIndex = 0; lastKnownFileType = wrapper.framework; name = MKHValidation.; path = MKHValidation.framework; sourceTree = BUILT_PRODUCTS_DIR; };
		E1F7E337AA7992D0CDBF0909 /* MKHValidationTst.xctest */ = {isa = PBXFileReference; explicitFileType = wrapper.cfbundle; includeInIndex = 0; path = MKHValidationTst.xctest; sourceTree = BUILT_PRODUCTS_DIR; };
		E863F78D518B1B68F418F1D3 /* Pods-MKHValidation.debug.xcconfig */ = {isa = PBXFileReference; includeInIndex = 1; lastKnownFileType = text.xcconfig; name = "Pods-MKHValidation.debug.xcconfig"; path = "Pods/Target Support Files/Pods-MKHValidation/Pods-MKHValidation.debug.xcconfig"; sourceTree = "<group>"; };
		ED1A5A3E585E15418EFC17D6 /* ValidationRule.swift */ = {isa = PBXFileReference; includeInIndex = 1; lastKnownFileType = sourcecode.swift; path = ValidationRule.swift; sourceTree = "<group>"; };
/* End PBXFileReference section */

/* Begin PBXFrameworksBuildPhase section */
		961ED3BF2FD13AD31E576A56 /* Frameworks */ = {
			isa = PBXFrameworksBuildPhase;
			buildActionMask = 2147483647;
			files = (
				25CF3AA551CC04056CFD42C7 /* Foundation.framework in Frameworks */,
				C08A324676D59DF529C493E8 /* UIKit.framework in Frameworks */,
				B24FC5BF2E13A154516E6C96 /* Pods_MKHValidation.framework in Frameworks */,
			);
			runOnlyForDeploymentPostprocessing = 0;
		};
		C4FEC309A22AC87823CF7B0B /* Frameworks */ = {
			isa = PBXFrameworksBuildPhase;
			buildActionMask = 2147483647;
			files = (
				134CC28096D2827DE8A7DEF3 /* Foundation.framework in Frameworks */,
				28F620038BB4803BC4B9010E /* UIKit.framework in Frameworks */,
				AFC44F63B957764F6F9388E5 /* Pods_MKHValidationTst.framework in Frameworks */,
			);
			runOnlyForDeploymentPostprocessing = 0;
		};
/* End PBXFrameworksBuildPhase section */

/* Begin PBXGroup section */
		10670325D0A8E8C5373318E7 = {
			isa = PBXGroup;
			children = (
				D8A75AC15A0B5B4C5F2CAD7B /* Products */,
				E3BCCC242C058BF09D1EB26D /* Tst */,
				4976D7E343E2D8B9FCEDFDD3 /* Src */,
				25E6EE5A72F0CB3DBBCFAD57 /* Src-Extra */,
				B673EC8583A44D977F70CCEE /* Frameworks */,
				E4787E9E9F3B9DDEB8A4D3EF /* Pods */,
			);
			sourceTree = "<group>";
		};
		1F961D887F2894E7E312F0C3 /* iOS */ = {
			isa = PBXGroup;
			children = (
				511438E6CAE15CF558DF75A0 /* Foundation.framework */,
				0EF22EAC7936A9C9E59A647B /* UIKit.framework */,
			);
			name = iOS;
			sourceTree = "<group>";
		};
		25E6EE5A72F0CB3DBBCFAD57 /* Src-Extra */ = {
			isa = PBXGroup;
			children = (
				56730260439EFD974C379E57 /* MKHValidation.h */,
			);
			path = "Src-Extra";
			sourceTree = "<group>";
		};
		4976D7E343E2D8B9FCEDFDD3 /* Src */ = {
			isa = PBXGroup;
			children = (
				9094317DE51A10895950871F /* ValidationRule+Async.swift */,
				ED1A5A3E585E15418EFC17D6 /* ValidationRule.swift */,
				946AFF7E1D71122100D98F1A /* ValueWrapper.swift */,
				946AFF801D711B8100D98F1A /* Errors.swift */,
			);
			path = Src;
			sourceTree = "<group>";
		};
		B673EC8583A44D977F70CCEE /* Frameworks */ = {
			isa = PBXGroup;
			children = (
				1F961D887F2894E7E312F0C3 /* iOS */,
				0B54F25AB8F76922BB52133F /* Pods_MKHValidation.framework */,
				0F0DAF7066E865BCFAB2432A /* Pods_MKHValidationTst.framework */,
			);
			name = Frameworks;
			sourceTree = "<group>";
		};
		D8A75AC15A0B5B4C5F2CAD7B /* Products */ = {
			isa = PBXGroup;
			children = (
				E1F7E337AA7992D0CDBF0909 /* MKHValidationTst.xctest */,
				B5BA127CA44203B7C9223B94 /* MKHValidation. */,
			);
			name = Products;
			sourceTree = "<group>";
		};
		E3BCCC242C058BF09D1EB26D /* Tst */ = {
			isa = PBXGroup;
			children = (
				559675DE6081BBB048EC7530 /* Main.swift */,
			);
			path = Tst;
			sourceTree = "<group>";
		};
		E4787E9E9F3B9DDEB8A4D3EF /* Pods */ = {
			isa = PBXGroup;
			children = (
				E863F78D518B1B68F418F1D3 /* Pods-MKHValidation.debug.xcconfig */,
				1494D686D29728AE866B3048 /* Pods-MKHValidation.release.xcconfig */,
				49778CDD4073FE85E050ECB8 /* Pods-MKHValidationTst.debug.xcconfig */,
				996BACEFD3710E2EA6EBE0E4 /* Pods-MKHValidationTst.release.xcconfig */,
			);
			name = Pods;
			sourceTree = "<group>";
		};
/* End PBXGroup section */

/* Begin PBXNativeTarget section */
		288B3C9FD8EAE058A6B42FD5 /* MKHValidation */ = {
			isa = PBXNativeTarget;
			buildConfigurationList = BC4359D9FB29B9E50C705FA7 /* Build configuration list for PBXNativeTarget "MKHValidation" */;
			buildPhases = (
				C6CE71B8668C99437C6AECAF /* [CP] Check Pods Manifest.lock */,
				EC9951F5D5AA75DB9E2C7840 /* Sources */,
				961ED3BF2FD13AD31E576A56 /* Frameworks */,
				584CAA9F0459813CE1AB3B07 /* [CP] Copy Pods Resources */,
			);
			buildRules = (
			);
			dependencies = (
			);
			name = MKHValidation;
			productName = MKHValidation;
			productReference = B5BA127CA44203B7C9223B94 /* MKHValidation. */;
			productType = "com.apple.product-type.framework";
		};
		F689BED30E5376473F12CB0B /* MKHValidationTst */ = {
			isa = PBXNativeTarget;
			buildConfigurationList = E3C32C88E1AF842C635ECFB6 /* Build configuration list for PBXNativeTarget "MKHValidationTst" */;
			buildPhases = (
				B36F0299B23CF7CE4CBE0725 /* [CP] Check Pods Manifest.lock */,
				E5D5BBC35E25C8E7F0DB443F /* Sources */,
				C4FEC309A22AC87823CF7B0B /* Frameworks */,
				4E82432EFD43E356F2F3CE45 /* [CP] Embed Pods Frameworks */,
				8F4D4C2A039D024260712D1D /* [CP] Copy Pods Resources */,
			);
			buildRules = (
			);
			dependencies = (
			);
			name = MKHValidationTst;
			productName = MKHValidationTst;
			productReference = E1F7E337AA7992D0CDBF0909 /* MKHValidationTst.xctest */;
			productType = "com.apple.product-type.bundle.unit-test";
		};
/* End PBXNativeTarget section */

/* Begin PBXProject section */
		747983C8459121AA778DBD6B /* Project object */ = {
			isa = PBXProject;
			attributes = {
				LastSwiftUpdateCheck = 0730;
				LastUpgradeCheck = 0700;
				ORGANIZATIONNAME = "Maxim Khatskevich";
			};
			buildConfigurationList = 2B9E3CDA20376DC9EF06AD48 /* Build configuration list for PBXProject "MKHValidation" */;
			compatibilityVersion = "Xcode 3.2";
			developmentRegion = English;
			hasScannedForEncodings = 0;
			knownRegions = (
				en,
			);
			mainGroup = 10670325D0A8E8C5373318E7;
			productRefGroup = D8A75AC15A0B5B4C5F2CAD7B /* Products */;
			projectDirPath = "";
			projectRoot = "";
			targets = (
				F689BED30E5376473F12CB0B /* MKHValidationTst */,
				288B3C9FD8EAE058A6B42FD5 /* MKHValidation */,
			);
		};
/* End PBXProject section */

/* Begin PBXShellScriptBuildPhase section */
		4E82432EFD43E356F2F3CE45 /* [CP] Embed Pods Frameworks */ = {
			isa = PBXShellScriptBuildPhase;
			buildActionMask = 2147483647;
			files = (
			);
			inputPaths = (
			);
			name = "[CP] Embed Pods Frameworks";
			outputPaths = (
			);
			runOnlyForDeploymentPostprocessing = 0;
			shellPath = /bin/sh;
			shellScript = "\"${SRCROOT}/Pods/Target Support Files/Pods-MKHValidationTst/Pods-MKHValidationTst-frameworks.sh\"\n";
			showEnvVarsInLog = 0;
		};
		584CAA9F0459813CE1AB3B07 /* [CP] Copy Pods Resources */ = {
			isa = PBXShellScriptBuildPhase;
			buildActionMask = 2147483647;
			files = (
			);
			inputPaths = (
			);
			name = "[CP] Copy Pods Resources";
			outputPaths = (
			);
			runOnlyForDeploymentPostprocessing = 0;
			shellPath = /bin/sh;
			shellScript = "\"${SRCROOT}/Pods/Target Support Files/Pods-MKHValidation/Pods-MKHValidation-resources.sh\"\n";
			showEnvVarsInLog = 0;
		};
		8F4D4C2A039D024260712D1D /* [CP] Copy Pods Resources */ = {
			isa = PBXShellScriptBuildPhase;
			buildActionMask = 2147483647;
			files = (
			);
			inputPaths = (
			);
			name = "[CP] Copy Pods Resources";
			outputPaths = (
			);
			runOnlyForDeploymentPostprocessing = 0;
			shellPath = /bin/sh;
			shellScript = "\"${SRCROOT}/Pods/Target Support Files/Pods-MKHValidationTst/Pods-MKHValidationTst-resources.sh\"\n";
			showEnvVarsInLog = 0;
		};
		B36F0299B23CF7CE4CBE0725 /* [CP] Check Pods Manifest.lock */ = {
			isa = PBXShellScriptBuildPhase;
			buildActionMask = 2147483647;
			files = (
			);
			inputPaths = (
			);
			name = "[CP] Check Pods Manifest.lock";
			outputPaths = (
			);
			runOnlyForDeploymentPostprocessing = 0;
			shellPath = /bin/sh;
			shellScript = "diff \"${PODS_ROOT}/../Podfile.lock\" \"${PODS_ROOT}/Manifest.lock\" > /dev/null\nif [[ $? != 0 ]] ; then\n    cat << EOM\nerror: The sandbox is not in sync with the Podfile.lock. Run 'pod install' or update your CocoaPods installation.\nEOM\n    exit 1\nfi\n";
			showEnvVarsInLog = 0;
		};
		C6CE71B8668C99437C6AECAF /* [CP] Check Pods Manifest.lock */ = {
			isa = PBXShellScriptBuildPhase;
			buildActionMask = 2147483647;
			files = (
			);
			inputPaths = (
			);
			name = "[CP] Check Pods Manifest.lock";
			outputPaths = (
			);
			runOnlyForDeploymentPostprocessing = 0;
			shellPath = /bin/sh;
			shellScript = "diff \"${PODS_ROOT}/../Podfile.lock\" \"${PODS_ROOT}/Manifest.lock\" > /dev/null\nif [[ $? != 0 ]] ; then\n    cat << EOM\nerror: The sandbox is not in sync with the Podfile.lock. Run 'pod install' or update your CocoaPods installation.\nEOM\n    exit 1\nfi\n";
			showEnvVarsInLog = 0;
		};
/* End PBXShellScriptBuildPhase section */

/* Begin PBXSourcesBuildPhase section */
		E5D5BBC35E25C8E7F0DB443F /* Sources */ = {
			isa = PBXSourcesBuildPhase;
			buildActionMask = 2147483647;
			files = (
				90C0A2214E8AD9C54FAA1DC7 /* Main.swift in Sources */,
			);
			runOnlyForDeploymentPostprocessing = 0;
		};
		EC9951F5D5AA75DB9E2C7840 /* Sources */ = {
			isa = PBXSourcesBuildPhase;
			buildActionMask = 2147483647;
			files = (
				946AFF811D711B8100D98F1A /* Errors.swift in Sources */,
				946AFF7F1D71122100D98F1A /* ValueWrapper.swift in Sources */,
				D9AB614D320FCE3DACFD2EBF /* ValidationRule+Async.swift in Sources */,
				CDC4510C5063C41E8263A28B /* ValidationRule.swift in Sources */,
			);
			runOnlyForDeploymentPostprocessing = 0;
		};
/* End PBXSourcesBuildPhase section */

/* Begin XCBuildConfiguration section */
		0728B728F175BF2F43BA877A /* Release */ = {
			isa = XCBuildConfiguration;
			baseConfigurationReference = 996BACEFD3710E2EA6EBE0E4 /* Pods-MKHValidationTst.release.xcconfig */;
			buildSettings = {
				DEBUG_INFORMATION_FORMAT = "dwarf-with-dsym";
				ENABLE_STRICT_OBJC_MSGSEND = YES;
				GCC_NO_COMMON_BLOCKS = YES;
				INFOPLIST_FILE = Info/MKHValidationTst.plist;
				IPHONEOS_DEPLOYMENT_TARGET = 8.4;
				LD_RUNPATH_SEARCH_PATHS = "$(inherited) @executable_path/Frameworks @loader_path/Frameworks";
				MTL_ENABLE_DEBUG_INFO = NO;
				PRODUCT_BUNDLE_IDENTIFIER = khatskevich.maxim.MKHValidationTst;
				PRODUCT_NAME = "$(TARGET_NAME)";
				SDKROOT = iphoneos;
			};
			name = Release;
		};
		130AF635ABDD605D250F935D /* Release */ = {
			isa = XCBuildConfiguration;
			baseConfigurationReference = 1494D686D29728AE866B3048 /* Pods-MKHValidation.release.xcconfig */;
			buildSettings = {
				"CODE_SIGN_IDENTITY[sdk=iphoneos*]" = "";
				CURRENT_PROJECT_VERSION = 2;
				DEBUG_INFORMATION_FORMAT = "dwarf-with-dsym";
				DEFINES_MODULE = YES;
				DYLIB_COMPATIBILITY_VERSION = 1;
				DYLIB_CURRENT_VERSION = 2;
				DYLIB_INSTALL_NAME_BASE = "@rpath";
				ENABLE_STRICT_OBJC_MSGSEND = YES;
				FRAMEWORK_SEARCH_PATHS = (
					"$(inherited)",
					"$(DEVELOPER_FRAMEWORKS_DIR)",
					"$(PLATFORM_DIR)/Developer/Library/Frameworks",
				);
				GCC_NO_COMMON_BLOCKS = YES;
				INFOPLIST_FILE = Info/MKHValidation.plist;
				INSTALL_PATH = "$(LOCAL_LIBRARY_DIR)/Frameworks";
				IPHONEOS_DEPLOYMENT_TARGET = 8.4;
				LD_RUNPATH_SEARCH_PATHS = "$(inherited) @executable_path/Frameworks @loader_path/Frameworks";
				MTL_ENABLE_DEBUG_INFO = NO;
				OTHER_LDFLAGS = (
					"-weak_framework",
					XCTest,
					"-weak-lswiftXCTest",
				);
				PRODUCT_BUNDLE_IDENTIFIER = khatskevich.maxim.MKHValidation;
				PRODUCT_NAME = "$(TARGET_NAME)";
				SDKROOT = iphoneos;
				SKIP_INSTALL = YES;
				TARGETED_DEVICE_FAMILY = "1,2";
				VERSIONING_SYSTEM = "apple-generic";
				VERSION_INFO_PREFIX = "";
			};
			name = Release;
		};
		4148109FC1C25703AF42DE50 /* Debug */ = {
			isa = XCBuildConfiguration;
			baseConfigurationReference = 49778CDD4073FE85E050ECB8 /* Pods-MKHValidationTst.debug.xcconfig */;
			buildSettings = {
				DEBUG_INFORMATION_FORMAT = dwarf;
				ENABLE_STRICT_OBJC_MSGSEND = YES;
				GCC_NO_COMMON_BLOCKS = YES;
				INFOPLIST_FILE = Info/MKHValidationTst.plist;
				IPHONEOS_DEPLOYMENT_TARGET = 8.4;
				LD_RUNPATH_SEARCH_PATHS = "$(inherited) @executable_path/Frameworks @loader_path/Frameworks";
				MTL_ENABLE_DEBUG_INFO = YES;
				PRODUCT_BUNDLE_IDENTIFIER = khatskevich.maxim.MKHValidationTst;
				PRODUCT_NAME = "$(TARGET_NAME)";
				SDKROOT = iphoneos;
				SWIFT_OPTIMIZATION_LEVEL = "-Onone";
			};
			name = Debug;
		};
		529BA904EC3AA5189DB27D3D /* Debug */ = {
			isa = XCBuildConfiguration;
			buildSettings = {
				ALWAYS_SEARCH_USER_PATHS = NO;
				CLANG_ANALYZER_NONNULL = YES;
				CLANG_CXX_LANGUAGE_STANDARD = "gnu++0x";
				CLANG_CXX_LIBRARY = "libc++";
				CLANG_ENABLE_MODULES = YES;
				CLANG_ENABLE_OBJC_ARC = YES;
				CLANG_WARN_BOOL_CONVERSION = YES;
				CLANG_WARN_CONSTANT_CONVERSION = YES;
				CLANG_WARN_DIRECT_OBJC_ISA_USAGE = YES_ERROR;
				CLANG_WARN_EMPTY_BODY = YES;
				CLANG_WARN_ENUM_CONVERSION = YES;
				CLANG_WARN_INFINITE_RECURSION = YES;
				CLANG_WARN_INT_CONVERSION = YES;
				CLANG_WARN_OBJC_ROOT_CLASS = YES_ERROR;
				CLANG_WARN_SUSPICIOUS_MOVE = YES;
				CLANG_WARN_UNREACHABLE_CODE = YES;
				CLANG_WARN__DUPLICATE_METHOD_MATCH = YES;
				"CODE_SIGN_IDENTITY[sdk=iphoneos*]" = "iPhone Developer";
				COPY_PHASE_STRIP = NO;
				CURRENT_PROJECT_VERSION = 2;
				DEBUG_INFORMATION_FORMAT = dwarf;
				ENABLE_STRICT_OBJC_MSGSEND = YES;
				ENABLE_TESTABILITY = YES;
				GCC_C_LANGUAGE_STANDARD = gnu99;
				GCC_DYNAMIC_NO_PIC = NO;
				GCC_NO_COMMON_BLOCKS = YES;
				GCC_OPTIMIZATION_LEVEL = 0;
				GCC_PREPROCESSOR_DEFINITIONS = (
					"DEBUG=1",
					"$(inherited)",
				);
				GCC_SYMBOLS_PRIVATE_EXTERN = NO;
				GCC_WARN_64_TO_32_BIT_CONVERSION = YES;
				GCC_WARN_ABOUT_RETURN_TYPE = YES_ERROR;
				GCC_WARN_UNDECLARED_SELECTOR = YES;
				GCC_WARN_UNINITIALIZED_AUTOS = YES_AGGRESSIVE;
				GCC_WARN_UNUSED_FUNCTION = YES;
				GCC_WARN_UNUSED_VARIABLE = YES;
				IPHONEOS_DEPLOYMENT_TARGET = 8.4;
				ONLY_ACTIVE_ARCH = YES;
				SDKROOT = iphoneos;
				SWIFT_OPTIMIZATION_LEVEL = "-Onone";
				TARGETED_DEVICE_FAMILY = "1,2";
				VERSIONING_SYSTEM = "apple-generic";
			};
			name = Debug;
		};
		68B290413B74258FEB3B2134 /* Release */ = {
			isa = XCBuildConfiguration;
			buildSettings = {
				ALWAYS_SEARCH_USER_PATHS = NO;
				CLANG_ANALYZER_NONNULL = YES;
				CLANG_CXX_LANGUAGE_STANDARD = "gnu++0x";
				CLANG_CXX_LIBRARY = "libc++";
				CLANG_ENABLE_MODULES = YES;
				CLANG_ENABLE_OBJC_ARC = YES;
				CLANG_WARN_BOOL_CONVERSION = YES;
				CLANG_WARN_CONSTANT_CONVERSION = YES;
				CLANG_WARN_DIRECT_OBJC_ISA_USAGE = YES_ERROR;
				CLANG_WARN_EMPTY_BODY = YES;
				CLANG_WARN_ENUM_CONVERSION = YES;
				CLANG_WARN_INFINITE_RECURSION = YES;
				CLANG_WARN_INT_CONVERSION = YES;
				CLANG_WARN_OBJC_ROOT_CLASS = YES_ERROR;
				CLANG_WARN_SUSPICIOUS_MOVE = YES;
				CLANG_WARN_UNREACHABLE_CODE = YES;
				CLANG_WARN__DUPLICATE_METHOD_MATCH = YES;
				"CODE_SIGN_IDENTITY[sdk=iphoneos*]" = "iPhone Developer";
				COPY_PHASE_STRIP = YES;
				CURRENT_PROJECT_VERSION = 2;
				DEBUG_INFORMATION_FORMAT = "dwarf-with-dsym";
				ENABLE_NS_ASSERTIONS = NO;
				ENABLE_STRICT_OBJC_MSGSEND = YES;
				GCC_C_LANGUAGE_STANDARD = gnu99;
				GCC_NO_COMMON_BLOCKS = YES;
				GCC_WARN_64_TO_32_BIT_CONVERSION = YES;
				GCC_WARN_ABOUT_RETURN_TYPE = YES_ERROR;
				GCC_WARN_UNDECLARED_SELECTOR = YES;
				GCC_WARN_UNINITIALIZED_AUTOS = YES_AGGRESSIVE;
				GCC_WARN_UNUSED_FUNCTION = YES;
				GCC_WARN_UNUSED_VARIABLE = YES;
				IPHONEOS_DEPLOYMENT_TARGET = 8.4;
				SDKROOT = iphoneos;
				SWIFT_OPTIMIZATION_LEVEL = "-Owholemodule";
				TARGETED_DEVICE_FAMILY = "1,2";
				VALIDATE_PRODUCT = YES;
				VERSIONING_SYSTEM = "apple-generic";
			};
			name = Release;
		};
		C3889EF4BC51451B6F636C37 /* Debug */ = {
			isa = XCBuildConfiguration;
			baseConfigurationReference = E863F78D518B1B68F418F1D3 /* Pods-MKHValidation.debug.xcconfig */;
			buildSettings = {
				"CODE_SIGN_IDENTITY[sdk=iphoneos*]" = "";
				CURRENT_PROJECT_VERSION = 2;
				DEBUG_INFORMATION_FORMAT = dwarf;
				DEFINES_MODULE = YES;
				DYLIB_COMPATIBILITY_VERSION = 1;
				DYLIB_CURRENT_VERSION = 2;
				DYLIB_INSTALL_NAME_BASE = "@rpath";
				ENABLE_STRICT_OBJC_MSGSEND = YES;
				FRAMEWORK_SEARCH_PATHS = (
					"$(inherited)",
					"$(DEVELOPER_FRAMEWORKS_DIR)",
					"$(PLATFORM_DIR)/Developer/Library/Frameworks",
				);
				GCC_NO_COMMON_BLOCKS = YES;
				INFOPLIST_FILE = Info/MKHValidation.plist;
				INSTALL_PATH = "$(LOCAL_LIBRARY_DIR)/Frameworks";
				IPHONEOS_DEPLOYMENT_TARGET = 8.4;
				LD_RUNPATH_SEARCH_PATHS = "$(inherited) @executable_path/Frameworks @loader_path/Frameworks";
				MTL_ENABLE_DEBUG_INFO = YES;
				OTHER_LDFLAGS = (
					"-weak_framework",
					XCTest,
					"-weak-lswiftXCTest",
				);
				PRODUCT_BUNDLE_IDENTIFIER = khatskevich.maxim.MKHValidation;
				PRODUCT_NAME = "$(TARGET_NAME)";
				SDKROOT = iphoneos;
				SKIP_INSTALL = YES;
				SWIFT_OPTIMIZATION_LEVEL = "-Onone";
				TARGETED_DEVICE_FAMILY = "1,2";
				VERSIONING_SYSTEM = "apple-generic";
				VERSION_INFO_PREFIX = "";
			};
			name = Debug;
		};
/* End XCBuildConfiguration section */

/* Begin XCConfigurationList section */
		2B9E3CDA20376DC9EF06AD48 /* Build configuration list for PBXProject "MKHValidation" */ = {
			isa = XCConfigurationList;
			buildConfigurations = (
				529BA904EC3AA5189DB27D3D /* Debug */,
				68B290413B74258FEB3B2134 /* Release */,
			);
			defaultConfigurationIsVisible = 0;
			defaultConfigurationName = Release;
		};
		BC4359D9FB29B9E50C705FA7 /* Build configuration list for PBXNativeTarget "MKHValidation" */ = {
			isa = XCConfigurationList;
			buildConfigurations = (
				C3889EF4BC51451B6F636C37 /* Debug */,
				130AF635ABDD605D250F935D /* Release */,
			);
			defaultConfigurationIsVisible = 0;
			defaultConfigurationName = Release;
		};
		E3C32C88E1AF842C635ECFB6 /* Build configuration list for PBXNativeTarget "MKHValidationTst" */ = {
			isa = XCConfigurationList;
			buildConfigurations = (
				4148109FC1C25703AF42DE50 /* Debug */,
				0728B728F175BF2F43BA877A /* Release */,
			);
			defaultConfigurationIsVisible = 0;
			defaultConfigurationName = Release;
		};
/* End XCConfigurationList section */
	};
	rootObject = 747983C8459121AA778DBD6B /* Project object */;
}
